{
  "name": "gui_v1",
  "version": "1.0.0",
  "lockfileVersion": 1,
  "requires": true,
  "dependencies": {
    "@engines/ax": {
      "version": "0.0.7",
      "resolved": "https://registry.npmjs.org/@engines/ax/-/ax-0.0.7.tgz",
      "integrity": "sha512-ZGtXA/F99FFACGPm0mzERAA040aRMFpdHOQcIZnWiIVg00xn+vRz7JEYREoUURsfRvZjU4R3HIaCoUh7mMgcTQ=="
    },
    "@engines/ax-appkit": {
      "version": "0.0.7",
      "resolved": "https://registry.npmjs.org/@engines/ax-appkit/-/ax-appkit-0.0.7.tgz",
      "integrity": "sha512-5mX8vpUumRpPY9DxBsjrg6jBDxdngOfRs8zCAqQSryUrukzydNIjIZL4EcrdYAfvcff7pmbiIoc4VUS8kSsVMQ=="
    },
    "@engines/ax-appkit-chartjs": {
      "version": "0.0.7",
      "resolved": "https://registry.npmjs.org/@engines/ax-appkit-chartjs/-/ax-appkit-chartjs-0.0.7.tgz",
      "integrity": "sha512-ieismpiYsf91hMrTwkjwVKkW1qfYPoRdrb0ObfCiPpz1FfUL5cZcH/TjOvF9msOq1s254FtDOzevOOwNbpuEyQ=="
    },
    "@engines/ax-appkit-codemirror": {
      "version": "0.0.7",
      "resolved": "https://registry.npmjs.org/@engines/ax-appkit-codemirror/-/ax-appkit-codemirror-0.0.7.tgz",
      "integrity": "sha512-p0rHZZSaoY71PzBiiBxoNUjVeI3GM9wvmSYDG5EQFVlTrGmWXaNK7VvvV/mr5Fv93DcxohXye7QRuJff3UMZXw=="
    },
    "@engines/ax-appkit-dropdown": {
      "version": "0.0.7",
      "resolved": "https://registry.npmjs.org/@engines/ax-appkit-dropdown/-/ax-appkit-dropdown-0.0.7.tgz",
      "integrity": "sha512-5A/b06oP3glIN1M/+yBqHOPFSZxmpt2DFfjAyzts0/lQVuqsz3Ao6hvGyIdq6qPY9eB3PsamZcYhp3C3yrcTQg=="
    },
    "@engines/ax-appkit-easymde": {
      "version": "0.0.7",
      "resolved": "https://registry.npmjs.org/@engines/ax-appkit-easymde/-/ax-appkit-easymde-0.0.7.tgz",
      "integrity": "sha512-RnQtJ2cwCNZZqqwP04xwNm4hdjJOvQd0P8gy5gcAAxjqEgHYZ/C5tRG1c54qYntQM5mumWh34lT6yq/OVNb8qA=="
    },
    "@engines/ax-appkit-field": {
      "version": "0.0.7",
      "resolved": "https://registry.npmjs.org/@engines/ax-appkit-field/-/ax-appkit-field-0.0.7.tgz",
      "integrity": "sha512-hmpqDHR+n6E4bDRxeQx/rj/x0VT6yGBIcB4O5mTNMri3DuAeXV+LItgNimFL7BxPd81JehgH2CWtqojqP3zcjg=="
    },
    "@engines/ax-appkit-field-dependent": {
      "version": "0.0.7",
      "resolved": "https://registry.npmjs.org/@engines/ax-appkit-field-dependent/-/ax-appkit-field-dependent-0.0.7.tgz",
      "integrity": "sha512-tDLv3QWZ4yUtT9PG9YXTyXtKY5UY03r8Du2dzw6oB9eczhwc3f9NfEbfEmq8H1sQR2pOV1O2osPnEXhzbyXvLA=="
    },
    "@engines/ax-appkit-field-extras": {
      "version": "0.0.7",
      "resolved": "https://registry.npmjs.org/@engines/ax-appkit-field-extras/-/ax-appkit-field-extras-0.0.7.tgz",
      "integrity": "sha512-epxuEzPYdigQojjPSFttKjZ+Wh2un45OGj3vGoRieC8jW0rLnwm5EM2YWZahOQmVwdLOVxlCHQ4Hjlk4407dKg=="
    },
    "@engines/ax-appkit-field-nest": {
      "version": "0.0.7",
      "resolved": "https://registry.npmjs.org/@engines/ax-appkit-field-nest/-/ax-appkit-field-nest-0.0.7.tgz",
      "integrity": "sha512-GQE6/E3zw8W0V3qt5lcCIFXHsq3z2ecl/HYXSLkozuCbiz8YDZ0zyybLWEokMwvQ3u70RlLKQgBND3RsYi1wLg=="
    },
    "@engines/ax-appkit-field-nest-prefab": {
      "version": "0.0.7",
      "resolved": "https://registry.npmjs.org/@engines/ax-appkit-field-nest-prefab/-/ax-appkit-field-nest-prefab-0.0.7.tgz",
      "integrity": "sha512-vBntV4fQQBXgQ0WJvTKQvzyBpNe5WUUN2sXZhHybM469ZAZXV5EEQVR/VDCrbPF2R85iFGk5oTTOBbdXBJRN+Q=="
    },
    "@engines/ax-appkit-filepond": {
      "version": "0.0.7",
      "resolved": "https://registry.npmjs.org/@engines/ax-appkit-filepond/-/ax-appkit-filepond-0.0.7.tgz",
      "integrity": "sha512-9qddODiOgoxpYHRat+GCLbgfa1wBwhHBI+4DlRKMHcZJYio8Qsf/Q7+l1ajwCEs3yXwdXsiNEG5FjMHY0wiLug=="
    },
    "@engines/ax-appkit-form-async": {
      "version": "0.0.7",
      "resolved": "https://registry.npmjs.org/@engines/ax-appkit-form-async/-/ax-appkit-form-async-0.0.7.tgz",
      "integrity": "sha512-znExmAmOQKPaLczwlJG2ALXOHsaK+6bGh52jJtmGt/z0TtSYEyTuy2cmkY09/FoinV6nC3Ivdt7L6cCTumOiLg=="
    },
    "@engines/ax-appkit-markedjs": {
      "version": "0.0.7",
      "resolved": "https://registry.npmjs.org/@engines/ax-appkit-markedjs/-/ax-appkit-markedjs-0.0.7.tgz",
      "integrity": "sha512-ZMW6r+kAUuyY2kWkYi9e+i0MTmL1ioRiXDMeD8txEi1EiwA856fGDaf2YTj9MAtMERwZGuq/uzPBahtugdGG1g=="
    },
    "@engines/ax-appkit-panes": {
      "version": "0.0.7",
      "resolved": "https://registry.npmjs.org/@engines/ax-appkit-panes/-/ax-appkit-panes-0.0.7.tgz",
      "integrity": "sha512-qe61vZBTm/9qYPPORMdpcQYOpy2wmOwg6BGLIrHOI2USag2JsrAuzLtINDUqyjrb3aog5Xs3AqslorGoB/yaJg=="
    },
    "@engines/ax-appkit-twitter-bootstrap4": {
      "version": "0.0.7",
      "resolved": "https://registry.npmjs.org/@engines/ax-appkit-twitter-bootstrap4/-/ax-appkit-twitter-bootstrap4-0.0.7.tgz",
      "integrity": "sha512-i5M0G0MaxD/DjhX26TKduNQa8iK30wekx3bsOIKF/1Tvh38pI3TOkyt4VbuHV5DFSRYnMpNZVyAT0GFe3XZF6Q=="
    },
    "@engines/ax-appkit-xtermjs": {
      "version": "0.0.7",
      "resolved": "https://registry.npmjs.org/@engines/ax-appkit-xtermjs/-/ax-appkit-xtermjs-0.0.7.tgz",
      "integrity": "sha512-moJiM2/vofyg8+/embn/0q4HMfIgH7GVvjkHiGd5trXP9wzcSgl8sv9d7v24LHPm5YwZOk7QbRd065FKmS76AA=="
    },
    "@fortawesome/fontawesome-free": {
      "version": "5.14.0",
      "resolved": "https://registry.npmjs.org/@fortawesome/fontawesome-free/-/fontawesome-free-5.14.0.tgz",
      "integrity": "sha512-OfdMsF+ZQgdKHP9jUbmDcRrP0eX90XXrsXIdyjLbkmSBzmMXPABB8eobUJtivaupucYaByz6WNe1PI1JuYm3qA=="
    },
    "@sphinxxxx/color-conversion": {
      "version": "2.2.2",
      "resolved": "https://registry.npmjs.org/@sphinxxxx/color-conversion/-/color-conversion-2.2.2.tgz",
      "integrity": "sha512-XExJS3cLqgrmNBIP3bBw6+1oQ1ksGjFh0+oClDKFYpCCqx/hlqwWO5KO/S63fzUo67SxI9dMrF0y5T/Ey7h8Zw=="
    },
    "ace-builds": {
      "version": "1.4.12",
      "resolved": "https://registry.npmjs.org/ace-builds/-/ace-builds-1.4.12.tgz",
      "integrity": "sha512-G+chJctFPiiLGvs3+/Mly3apXTcfgE45dT5yp12BcWZ1kUs+gm0qd3/fv4gsz6fVag4mM0moHVpjHDIgph6Psg=="
    },
    "ajv": {
      "version": "6.12.5",
      "resolved": "https://registry.npmjs.org/ajv/-/ajv-6.12.5.tgz",
      "integrity": "sha512-lRF8RORchjpKG50/WFf8xmg7sgCLFiYNNnqdKflk63whMQcWR5ngGjiSXkL9bjxy6B2npOK2HSMN49jEBMSkag==",
      "requires": {
        "fast-deep-equal": "^3.1.1",
        "fast-json-stable-stringify": "^2.0.0",
        "json-schema-traverse": "^0.4.1",
        "uri-js": "^4.2.2"
      }
    },
    "bootstrap": {
      "version": "4.5.2",
      "resolved": "https://registry.npmjs.org/bootstrap/-/bootstrap-4.5.2.tgz",
      "integrity": "sha512-vlGn0bcySYl/iV+BGA544JkkZP5LB3jsmkeKLFQakCOwCM3AOk7VkldBz4jrzSe+Z0Ezn99NVXa1o45cQY4R6A=="
    },
    "chart.js": {
      "version": "2.9.4",
      "resolved": "https://registry.npmjs.org/chart.js/-/chart.js-2.9.4.tgz",
      "integrity": "sha512-B07aAzxcrikjAPyV+01j7BmOpxtQETxTSlQ26BEYJ+3iUkbNKaOJ/nDbT6JjyqYxseM0ON12COHYdU2cTIjC7A==",
      "requires": {
        "chartjs-color": "^2.1.0",
        "moment": "^2.10.2"
      }
    },
    "chartjs-color": {
      "version": "2.4.1",
      "resolved": "https://registry.npmjs.org/chartjs-color/-/chartjs-color-2.4.1.tgz",
      "integrity": "sha512-haqOg1+Yebys/Ts/9bLo/BqUcONQOdr/hoEr2LLTRl6C5LXctUdHxsCYfvQVg5JIxITrfCNUDr4ntqmQk9+/0w==",
      "requires": {
        "chartjs-color-string": "^0.6.0",
        "color-convert": "^1.9.3"
      }
    },
    "chartjs-color-string": {
      "version": "0.6.0",
      "resolved": "https://registry.npmjs.org/chartjs-color-string/-/chartjs-color-string-0.6.0.tgz",
      "integrity": "sha512-TIB5OKn1hPJvO7JcteW4WY/63v6KwEdt6udfnDE9iCAZgy+V4SrbSxoIbTw/xkUIapjEI4ExGtD0+6D3KyFd7A==",
      "requires": {
        "color-name": "^1.0.0"
      }
    },
    "codemirror": {
      "version": "5.58.1",
      "resolved": "https://registry.npmjs.org/codemirror/-/codemirror-5.58.1.tgz",
      "integrity": "sha512-UGb/ueu20U4xqWk8hZB3xIfV2/SFqnSLYONiM3wTMDqko0bsYrsAkGGhqUzbRkYm89aBKPyHtuNEbVWF9FTFzw=="
    },
    "codemirror-spell-checker": {
      "version": "1.1.2",
      "resolved": "https://registry.npmjs.org/codemirror-spell-checker/-/codemirror-spell-checker-1.1.2.tgz",
      "integrity": "sha1-HGYPkIlIPMtRE7m6nKGcP0mTNx4=",
      "requires": {
        "typo-js": "*"
      }
    },
    "color-convert": {
      "version": "1.9.3",
      "resolved": "https://registry.npmjs.org/color-convert/-/color-convert-1.9.3.tgz",
      "integrity": "sha512-QfAUtd+vFdAtFQcC8CCyYt1fYWxSqAiK2cSD6zDB8N3cpsEBAvRxp9zOGg6G/SHHJYAT88/az/IuDGALsNVbGg==",
      "requires": {
        "color-name": "1.1.3"
      },
      "dependencies": {
        "color-name": {
          "version": "1.1.3",
          "resolved": "https://registry.npmjs.org/color-name/-/color-name-1.1.3.tgz",
          "integrity": "sha1-p9BVi9icQveV3UIyj3QIMcpTvCU="
        }
      }
    },
    "color-name": {
      "version": "1.1.4",
      "resolved": "https://registry.npmjs.org/color-name/-/color-name-1.1.4.tgz",
      "integrity": "sha512-dOy+3AuW3a2wNbZHIuMZpTcgjGuLU/uBL/ubcZF9OXbDo8ff4O8yVp5Bf0efS8uEoYo5q4Fx7dY9OgQGXgAsQA=="
    },
    "dompurify": {
      "version": "2.1.0",
      "resolved": "https://registry.npmjs.org/dompurify/-/dompurify-2.1.0.tgz",
      "integrity": "sha512-wKExRhOwUnfm1icoISSXnlmM1P2l07W2tFQqbU+8oySnvy7tHwj2iHJ1kJQi8EfcTlojsHKESOJwCGVJmNUdPQ=="
    },
    "easymde": {
      "version": "2.11.0",
      "resolved": "https://registry.npmjs.org/easymde/-/easymde-2.11.0.tgz",
      "integrity": "sha512-d7HtwPXqqARY6KMCMe0EWUfNvoMh/VzHystKZE35mkL7x4z6ZsVBIPyRviGxYyix2qkC3zFGh1A0uo9hLpNuBg==",
      "requires": {
        "codemirror": "^5.55.0",
        "codemirror-spell-checker": "1.1.2",
        "marked": "^1.1.1"
      }
    },
    "fast-deep-equal": {
      "version": "3.1.3",
      "resolved": "https://registry.npmjs.org/fast-deep-equal/-/fast-deep-equal-3.1.3.tgz",
      "integrity": "sha512-f3qQ9oQy9j2AhBe/H9VC91wLmKBCCU/gDOnKNAYG5hswO7BLKj09Hc5HYNz9cGI++xlpDCIgDaitVs03ATR84Q=="
    },
    "fast-json-stable-stringify": {
      "version": "2.1.0",
      "resolved": "https://registry.npmjs.org/fast-json-stable-stringify/-/fast-json-stable-stringify-2.1.0.tgz",
      "integrity": "sha512-lhd/wF+Lk98HZoTCtlVraHtfh5XYijIjalXck7saUtuanSDyLMxnHhSXEDJqHxD7msR8D0uCmqlkwjCV8xvwHw=="
    },
    "filepond": {
      "version": "4.20.1",
      "resolved": "https://registry.npmjs.org/filepond/-/filepond-4.20.1.tgz",
      "integrity": "sha512-qYwE/xSODJuAJH0E2BHeD8f3X66nxZ/aUQSaGhUTVXuAWe0wvIjxaRcMZUIsZm2f7truScxAe16l5ITzxi5TFw=="
    },
    "highlight.js": {
      "version": "10.2.0",
      "resolved": "https://registry.npmjs.org/highlight.js/-/highlight.js-10.2.0.tgz",
      "integrity": "sha512-OryzPiqqNCfO/wtFo619W+nPYALM6u7iCQkum4bqRmmlcTikOkmlL06i009QelynBPAlNByTQU6cBB2cOBQtCw=="
    },
    "html5sortable": {
      "version": "0.9.18",
      "resolved": "https://registry.npmjs.org/html5sortable/-/html5sortable-0.9.18.tgz",
      "integrity": "sha512-5O0toaQ/rG9rI7weESyCOQ4SPnR+1qXYqkPmMEd4vMYmrYiDhLdV1wYHZ+w22AhSKQdccRgNMjfR4HeJh2alpw=="
    },
    "javascript-natural-sort": {
      "version": "0.7.1",
      "resolved": "https://registry.npmjs.org/javascript-natural-sort/-/javascript-natural-sort-0.7.1.tgz",
      "integrity": "sha1-+eIwPUUH9tdDVac2ZNFED7Wg71k="
    },
    "jmespath": {
      "version": "0.15.0",
      "resolved": "https://registry.npmjs.org/jmespath/-/jmespath-0.15.0.tgz",
      "integrity": "sha1-o/Iiqarp+Wb10nx5ZRDigJF2Qhc="
    },
    "jquery": {
      "version": "3.5.1",
      "resolved": "https://registry.npmjs.org/jquery/-/jquery-3.5.1.tgz",
      "integrity": "sha512-XwIBPqcMn57FxfT+Go5pzySnm4KWkT1Tv7gjrpT1srtf8Weynl6R273VJ5GjkRb51IzMp5nbaPjJXMWeju2MKg=="
    },
    "json-schema-traverse": {
      "version": "0.4.1",
      "resolved": "https://registry.npmjs.org/json-schema-traverse/-/json-schema-traverse-0.4.1.tgz",
      "integrity": "sha512-xbbCH5dCYU5T8LcEhhuh7HJ88HXuW3qsI3Y0zOZFKfZEHcpWiHU/Jxzk629Brsab/mMiHQti9wMP+845RPe3Vg=="
    },
    "json-source-map": {
      "version": "0.6.1",
      "resolved": "https://registry.npmjs.org/json-source-map/-/json-source-map-0.6.1.tgz",
      "integrity": "sha512-1QoztHPsMQqhDq0hlXY5ZqcEdUzxQEIxgFkKl4WUp2pgShObl+9ovi4kRh2TfvAfxAoHOJ9vIMEqk3k4iex7tg=="
    },
    "jsoneditor": {
      "version": "9.1.1",
      "resolved": "https://registry.npmjs.org/jsoneditor/-/jsoneditor-9.1.1.tgz",
      "integrity": "sha512-dgKDY80QFnoNYqncfTcWewX3Ii1YV3ZEEquu8yJeKHsfs5sXHI2Hb7LfzYPj1X3IKevebsjy+P0MDA/j776Tig==",
      "requires": {
        "ace-builds": "^1.4.12",
        "ajv": "^6.12.5",
        "javascript-natural-sort": "^0.7.1",
        "jmespath": "^0.15.0",
        "json-source-map": "^0.6.1",
        "mobius1-selectr": "^2.4.13",
        "picomodal": "^3.0.0",
        "vanilla-picker": "^2.10.1"
      }
    },
    "marked": {
      "version": "1.1.1",
      "resolved": "https://registry.npmjs.org/marked/-/marked-1.1.1.tgz",
      "integrity": "sha512-mJzT8D2yPxoPh7h0UXkB+dBj4FykPJ2OIfxAWeIHrvoHDkFxukV/29QxoFQoPM6RLEwhIFdJpmKBlqVM3s2ZIw=="
    },
    "markedjs": {
      "version": "10.0.0",
      "resolved": "https://registry.npmjs.org/markedjs/-/markedjs-10.0.0.tgz",
      "integrity": "sha512-fNoOcDaidUsaI+RHSrgq2f9RDkFW9uNViLgICKWUNlyaXBHT/aohs38M9u8fWHZO5DWU1K5mMBZW1Qc5FDVSig=="
    },
    "mobius1-selectr": {
      "version": "2.4.13",
      "resolved": "https://registry.npmjs.org/mobius1-selectr/-/mobius1-selectr-2.4.13.tgz",
      "integrity": "sha512-Mk9qDrvU44UUL0EBhbAA1phfQZ7aMZPjwtL7wkpiBzGh8dETGqfsh50mWoX9EkjDlkONlErWXArHCKfoxVg0Bw=="
    },
    "moment": {
      "version": "2.29.1",
      "resolved": "https://registry.npmjs.org/moment/-/moment-2.29.1.tgz",
      "integrity": "sha512-kHmoybcPV8Sqy59DwNDY3Jefr64lK/by/da0ViFcuA4DH0vQg5Q6Ze5VimxkfQNSC+Mls/Kx53s7TjP1RhFEDQ=="
    },
    "mustache": {
      "version": "4.0.1",
      "resolved": "https://registry.npmjs.org/mustache/-/mustache-4.0.1.tgz",
      "integrity": "sha512-yL5VE97+OXn4+Er3THSmTdCFCtx5hHWzrolvH+JObZnUYwuaG7XV+Ch4fR2cIrcYI0tFHxS7iyFYl14bW8y2sA=="
    },
    "picomodal": {
      "version": "3.0.0",
      "resolved": "https://registry.npmjs.org/picomodal/-/picomodal-3.0.0.tgz",
      "integrity": "sha1-+s0w9PvzSoCcHgTqUl8ATzmcC4I="
    },
    "popper.js": {
      "version": "1.16.1",
      "resolved": "https://registry.npmjs.org/popper.js/-/popper.js-1.16.1.tgz",
      "integrity": "sha512-Wb4p1J4zyFTbM+u6WuO4XstYx4Ky9Cewe4DWrel7B0w6VVICvPwdOpotjzcf6eD8TsckVnIMNONQyPIUFOUbCQ=="
    },
    "punycode": {
      "version": "2.1.1",
      "resolved": "https://registry.npmjs.org/punycode/-/punycode-2.1.1.tgz",
      "integrity": "sha512-XRsRjdf+j5ml+y/6GKHPZbrF/8p2Yga0JPtdqTIY2Xe5ohJPD9saDJJLPvp9+NSBprVvevdXZybnj2cv8OEd0A=="
    },
    "text-security": {
      "version": "3.1.1",
      "resolved": "https://registry.npmjs.org/text-security/-/text-security-3.1.1.tgz",
      "integrity": "sha512-o8mIakiAYU3NcELbpB48j4Owatk3Fp/L6blWn4+F2RKB5+56VDfSAYfOZ5ulyeQjZJlQzBSvDBC+2XwdP7UowA=="
    },
    "typo-js": {
      "version": "1.1.0",
      "resolved": "https://registry.npmjs.org/typo-js/-/typo-js-1.1.0.tgz",
      "integrity": "sha512-W3kLbx+ML9PBl5Bzso/lTvVxk4BCveSNAtQeht59FEtxCdGThmn6wSHA4Xq3eQYAK24NHdisMM4JmsK0GFy/pg=="
    },
    "uri-js": {
      "version": "4.4.0",
      "resolved": "https://registry.npmjs.org/uri-js/-/uri-js-4.4.0.tgz",
      "integrity": "sha512-B0yRTzYdUCCn9n+F4+Gh4yIDtMQcaJsmYBDsTSG8g/OejKBodLQ2IHfN3bM7jUsRXndopT7OIXWdYqc1fjmV6g==",
      "requires": {
        "punycode": "^2.1.0"
      }
    },
    "vanilla-picker": {
      "version": "2.10.1",
      "resolved": "https://registry.npmjs.org/vanilla-picker/-/vanilla-picker-2.10.1.tgz",
      "integrity": "sha512-Bo4HOKkSorcQoRB08HwDMb8X2jt3SsZw7gzFlbzXbhnaxdUVJBm3LOUudr7M1SCVwPCo8d3nq8ajiAg8lAoqPg==",
      "requires": {
        "@sphinxxxx/color-conversion": "^2.2.2"
      }
    },
    "xterm": {
      "version": "4.9.0",
      "resolved": "https://registry.npmjs.org/xterm/-/xterm-4.9.0.tgz",
      "integrity": "sha512-wGfqufmioctKr8VkbRuZbVDfjlXWGZZ1PWHy1yqqpGT3Nm6yaJx8lxDbSEBANtgaiVPTcKSp97sxOy5IlpqYfw=="
    },
    "xterm-addon-fit": {
      "version": "0.4.0",
      "resolved": "https://registry.npmjs.org/xterm-addon-fit/-/xterm-addon-fit-0.4.0.tgz",
      "integrity": "sha512-p4BESuV/g2L6pZzFHpeNLLnep9mp/DkF3qrPglMiucSFtD8iJxtMufEoEJbN8LZwB4i+8PFpFvVuFrGOSpW05w=="
    }
  }
}
